// !$*UTF8*$!
{
	archiveVersion = 1;
	classes = {
	};
	objectVersion = 50;
	objects = {

/* Begin PBXBuildFile section */
		161D2700217A14BB009F3190 /* AppDelegate.swift in Sources */ = {isa = PBXBuildFile; fileRef = 161D26FF217A14BB009F3190 /* AppDelegate.swift */; };
		161D2702217A14BB009F3190 /* ViewController.swift in Sources */ = {isa = PBXBuildFile; fileRef = 161D2701217A14BB009F3190 /* ViewController.swift */; };
		161D2705217A14BB009F3190 /* Main.storyboard in Resources */ = {isa = PBXBuildFile; fileRef = 161D2703217A14BB009F3190 /* Main.storyboard */; };
		161D2707217A14BC009F3190 /* Assets.xcassets in Resources */ = {isa = PBXBuildFile; fileRef = 161D2706217A14BC009F3190 /* Assets.xcassets */; };
		161D270A217A14BC009F3190 /* LaunchScreen.storyboard in Resources */ = {isa = PBXBuildFile; fileRef = 161D2708217A14BC009F3190 /* LaunchScreen.storyboard */; };
		161D2742217E059E009F3190 /* SwiftProtobuf.framework in Frameworks */ = {isa = PBXBuildFile; fileRef = 161D2739217E058D009F3190 /* SwiftProtobuf.framework */; };
		161D2743217E059E009F3190 /* SwiftProtobuf.framework in Embed Frameworks */ = {isa = PBXBuildFile; fileRef = 161D2739217E058D009F3190 /* SwiftProtobuf.framework */; settings = {ATTRIBUTES = (CodeSignOnCopy, RemoveHeadersOnCopy, ); }; };
		167A238D217B324200BA6EFD /* model.pb.swift in Sources */ = {isa = PBXBuildFile; fileRef = 167A2389217B324200BA6EFD /* model.pb.swift */; };
		16C6AB2D217D012D003F5AEE /* Emit.framework in Frameworks */ = {isa = PBXBuildFile; fileRef = 161D271A217A14FC009F3190 /* Emit.framework */; };
		16C6AB2E217D012D003F5AEE /* Emit.framework in Embed Frameworks */ = {isa = PBXBuildFile; fileRef = 161D271A217A14FC009F3190 /* Emit.framework */; settings = {ATTRIBUTES = (CodeSignOnCopy, RemoveHeadersOnCopy, ); }; };
/* End PBXBuildFile section */

/* Begin PBXContainerItemProxy section */
		161D2717217A14FC009F3190 /* PBXContainerItemProxy */ = {
			isa = PBXContainerItemProxy;
			containerPortal = 161D2711217A14FC009F3190 /* Emit.xcodeproj */;
			proxyType = 2;
			remoteGlobalIDString = FR_236718980560;
			remoteInfo = Emit_iOS;
		};
		161D2719217A14FC009F3190 /* PBXContainerItemProxy */ = {
			isa = PBXContainerItemProxy;
			containerPortal = 161D2711217A14FC009F3190 /* Emit.xcodeproj */;
			proxyType = 2;
			remoteGlobalIDString = FR_620523922009;
			remoteInfo = Emit_macOS;
		};
		161D271B217A14FC009F3190 /* PBXContainerItemProxy */ = {
			isa = PBXContainerItemProxy;
			containerPortal = 161D2711217A14FC009F3190 /* Emit.xcodeproj */;
			proxyType = 2;
			remoteGlobalIDString = FR_479945003232;
			remoteInfo = Test;
		};
		161D2734217E058D009F3190 /* PBXContainerItemProxy */ = {
			isa = PBXContainerItemProxy;
			containerPortal = 161D2728217E058D009F3190 /* SwiftProtobuf.xcodeproj */;
			proxyType = 2;
			remoteGlobalIDString = "_____Product_Protobuf_macOS";
			remoteInfo = SwiftProtobuf_macOS;
		};
		161D2736217E058D009F3190 /* PBXContainerItemProxy */ = {
			isa = PBXContainerItemProxy;
			containerPortal = 161D2728217E058D009F3190 /* SwiftProtobuf.xcodeproj */;
			proxyType = 2;
			remoteGlobalIDString = "_____Product_ProtobufTestSuite_macOS";
			remoteInfo = SwiftProtobufTestSuite_macOS;
		};
		161D2738217E058D009F3190 /* PBXContainerItemProxy */ = {
			isa = PBXContainerItemProxy;
			containerPortal = 161D2728217E058D009F3190 /* SwiftProtobuf.xcodeproj */;
			proxyType = 2;
			remoteGlobalIDString = "_____Product_Protobuf_iOS";
			remoteInfo = SwiftProtobuf_iOS;
		};
		161D273A217E058D009F3190 /* PBXContainerItemProxy */ = {
			isa = PBXContainerItemProxy;
			containerPortal = 161D2728217E058D009F3190 /* SwiftProtobuf.xcodeproj */;
			proxyType = 2;
			remoteGlobalIDString = "_____Product_ProtobufTestSuite_iOS";
			remoteInfo = SwiftProtobufTestSuite_iOS;
		};
		161D273C217E058D009F3190 /* PBXContainerItemProxy */ = {
			isa = PBXContainerItemProxy;
			containerPortal = 161D2728217E058D009F3190 /* SwiftProtobuf.xcodeproj */;
			proxyType = 2;
			remoteGlobalIDString = F44F936F1DAEA53900BC5B85;
			remoteInfo = SwiftProtobuf_tvOS;
		};
		161D273E217E058D009F3190 /* PBXContainerItemProxy */ = {
			isa = PBXContainerItemProxy;
			containerPortal = 161D2728217E058D009F3190 /* SwiftProtobuf.xcodeproj */;
			proxyType = 2;
			remoteGlobalIDString = F44F939F1DAEA7C500BC5B85;
			remoteInfo = SwiftProtobufTestSuite_tvOS;
		};
		161D2740217E058D009F3190 /* PBXContainerItemProxy */ = {
			isa = PBXContainerItemProxy;
			containerPortal = 161D2728217E058D009F3190 /* SwiftProtobuf.xcodeproj */;
			proxyType = 2;
			remoteGlobalIDString = F44F93FE1DAEB13F00BC5B85;
			remoteInfo = SwiftProtobuf_watchOS;
		};
		161D2744217E059E009F3190 /* PBXContainerItemProxy */ = {
			isa = PBXContainerItemProxy;
			containerPortal = 161D2728217E058D009F3190 /* SwiftProtobuf.xcodeproj */;
			proxyType = 1;
			remoteGlobalIDString = BD12FD351D767BA0001815C7;
			remoteInfo = SwiftProtobuf_iOS;
		};
		16C6AB2F217D012D003F5AEE /* PBXContainerItemProxy */ = {
			isa = PBXContainerItemProxy;
			containerPortal = 161D2711217A14FC009F3190 /* Emit.xcodeproj */;
			proxyType = 1;
			remoteGlobalIDString = NT_620523922009;
			remoteInfo = Emit_macOS;
		};
/* End PBXContainerItemProxy section */

/* Begin PBXCopyFilesBuildPhase section */
		16C6AB2C217D012A003F5AEE /* Embed Frameworks */ = {
			isa = PBXCopyFilesBuildPhase;
			buildActionMask = 2147483647;
			dstPath = "";
			dstSubfolderSpec = 10;
			files = (
				16C6AB2E217D012D003F5AEE /* Emit.framework in Embed Frameworks */,
				161D2743217E059E009F3190 /* SwiftProtobuf.framework in Embed Frameworks */,
			);
			name = "Embed Frameworks";
			runOnlyForDeploymentPostprocessing = 0;
		};
/* End PBXCopyFilesBuildPhase section */

/* Begin PBXFileReference section */
		161D26FC217A14BB009F3190 /* emit_demo.app */ = {isa = PBXFileReference; explicitFileType = wrapper.application; includeInIndex = 0; path = emit_demo.app; sourceTree = BUILT_PRODUCTS_DIR; };
		161D26FF217A14BB009F3190 /* AppDelegate.swift */ = {isa = PBXFileReference; lastKnownFileType = sourcecode.swift; path = AppDelegate.swift; sourceTree = "<group>"; };
		161D2701217A14BB009F3190 /* ViewController.swift */ = {isa = PBXFileReference; lastKnownFileType = sourcecode.swift; path = ViewController.swift; sourceTree = "<group>"; };
		161D2704217A14BB009F3190 /* Base */ = {isa = PBXFileReference; lastKnownFileType = file.storyboard; name = Base; path = Base.lproj/Main.storyboard; sourceTree = "<group>"; };
		161D2706217A14BC009F3190 /* Assets.xcassets */ = {isa = PBXFileReference; lastKnownFileType = folder.assetcatalog; path = Assets.xcassets; sourceTree = "<group>"; };
		161D2709217A14BC009F3190 /* Base */ = {isa = PBXFileReference; lastKnownFileType = file.storyboard; name = Base; path = Base.lproj/LaunchScreen.storyboard; sourceTree = "<group>"; };
		161D270B217A14BC009F3190 /* Info.plist */ = {isa = PBXFileReference; lastKnownFileType = text.plist.xml; path = Info.plist; sourceTree = "<group>"; };
		161D2711217A14FC009F3190 /* Emit.xcodeproj */ = {isa = PBXFileReference; lastKnownFileType = "wrapper.pb-project"; name = Emit.xcodeproj; path = ../Emit.xcodeproj; sourceTree = "<group>"; };
		161D2722217A1513009F3190 /* SwiftProtobuf.framework */ = {isa = PBXFileReference; lastKnownFileType = wrapper.framework; name = SwiftProtobuf.framework; path = frameworks/iOS/SwiftProtobuf.framework; sourceTree = "<group>"; };
		161D2728217E058D009F3190 /* SwiftProtobuf.xcodeproj */ = {isa = PBXFileReference; lastKnownFileType = "wrapper.pb-project"; name = SwiftProtobuf.xcodeproj; path = "frameworks/swift-protobuf/SwiftProtobuf.xcodeproj"; sourceTree = "<group>"; };
		167A2389217B324200BA6EFD /* model.pb.swift */ = {isa = PBXFileReference; fileEncoding = 4; lastKnownFileType = sourcecode.swift; path = model.pb.swift; sourceTree = SOURCE_ROOT; };
/* End PBXFileReference section */

/* Begin PBXFrameworksBuildPhase section */
		161D26F9217A14BB009F3190 /* Frameworks */ = {
			isa = PBXFrameworksBuildPhase;
			buildActionMask = 2147483647;
			files = (
				16C6AB2D217D012D003F5AEE /* Emit.framework in Frameworks */,
				161D2742217E059E009F3190 /* SwiftProtobuf.framework in Frameworks */,
			);
			runOnlyForDeploymentPostprocessing = 0;
		};
/* End PBXFrameworksBuildPhase section */

/* Begin PBXGroup section */
		161D26F3217A14BB009F3190 = {
			isa = PBXGroup;
			children = (
				161D2728217E058D009F3190 /* SwiftProtobuf.xcodeproj */,
				161D2711217A14FC009F3190 /* Emit.xcodeproj */,
				161D26FE217A14BB009F3190 /* emit_demo */,
				161D26FD217A14BB009F3190 /* Products */,
				161D271E217A1513009F3190 /* Frameworks */,
			);
			sourceTree = "<group>";
		};
		161D26FD217A14BB009F3190 /* Products */ = {
			isa = PBXGroup;
			children = (
				161D26FC217A14BB009F3190 /* emit_demo.app */,
			);
			name = Products;
			sourceTree = "<group>";
		};
		161D26FE217A14BB009F3190 /* emit_demo */ = {
			isa = PBXGroup;
			children = (
				167A2389217B324200BA6EFD /* model.pb.swift */,
				161D26FF217A14BB009F3190 /* AppDelegate.swift */,
				161D2701217A14BB009F3190 /* ViewController.swift */,
				161D2703217A14BB009F3190 /* Main.storyboard */,
				161D2706217A14BC009F3190 /* Assets.xcassets */,
				161D2708217A14BC009F3190 /* LaunchScreen.storyboard */,
				161D270B217A14BC009F3190 /* Info.plist */,
			);
			path = emit_demo;
			sourceTree = "<group>";
		};
		161D2712217A14FC009F3190 /* Products */ = {
			isa = PBXGroup;
			children = (
				161D2718217A14FC009F3190 /* Emit.framework */,
				161D271A217A14FC009F3190 /* Emit.framework */,
				161D271C217A14FC009F3190 /* Test.xctest */,
			);
			name = Products;
			sourceTree = "<group>";
		};
		161D271E217A1513009F3190 /* Frameworks */ = {
			isa = PBXGroup;
			children = (
				161D2722217A1513009F3190 /* SwiftProtobuf.framework */,
			);
			name = Frameworks;
			sourceTree = "<group>";
		};
		161D2729217E058D009F3190 /* Products */ = {
			isa = PBXGroup;
			children = (
				161D2735217E058D009F3190 /* SwiftProtobuf.framework */,
				161D2737217E058D009F3190 /* SwiftProtobufTests.xctest */,
				161D2739217E058D009F3190 /* SwiftProtobuf.framework */,
				161D273B217E058D009F3190 /* SwiftProtobufTests.xctest */,
				161D273D217E058D009F3190 /* SwiftProtobuf.framework */,
				161D273F217E058D009F3190 /* SwiftProtobufTests.xctest */,
				161D2741217E058D009F3190 /* SwiftProtobuf.framework */,
			);
			name = Products;
			sourceTree = "<group>";
		};
/* End PBXGroup section */

/* Begin PBXNativeTarget section */
		161D26FB217A14BB009F3190 /* emit_demo */ = {
			isa = PBXNativeTarget;
			buildConfigurationList = 161D270E217A14BC009F3190 /* Build configuration list for PBXNativeTarget "emit_demo" */;
			buildPhases = (
				161D26F8217A14BB009F3190 /* Sources */,
				161D26F9217A14BB009F3190 /* Frameworks */,
				161D26FA217A14BB009F3190 /* Resources */,
				16C6AB2C217D012A003F5AEE /* Embed Frameworks */,
			);
			buildRules = (
			);
			dependencies = (
				16C6AB30217D012D003F5AEE /* PBXTargetDependency */,
				161D2745217E059E009F3190 /* PBXTargetDependency */,
			);
			name = emit_demo;
			productName = emit_demo;
			productReference = 161D26FC217A14BB009F3190 /* emit_demo.app */;
			productType = "com.apple.product-type.application";
		};
/* End PBXNativeTarget section */

/* Begin PBXProject section */
		161D26F4217A14BB009F3190 /* Project object */ = {
			isa = PBXProject;
			attributes = {
				LastSwiftUpdateCheck = 1000;
				LastUpgradeCheck = 1000;
				ORGANIZATIONNAME = "Alex Usbergo";
				TargetAttributes = {
					161D26FB217A14BB009F3190 = {
						CreatedOnToolsVersion = 10.0;
					};
				};
			};
			buildConfigurationList = 161D26F7217A14BB009F3190 /* Build configuration list for PBXProject "emit_demo" */;
			compatibilityVersion = "Xcode 9.3";
			developmentRegion = en;
			hasScannedForEncodings = 0;
			knownRegions = (
				en,
				Base,
			);
			mainGroup = 161D26F3217A14BB009F3190;
			productRefGroup = 161D26FD217A14BB009F3190 /* Products */;
			projectDirPath = "";
			projectReferences = (
				{
					ProductGroup = 161D2712217A14FC009F3190 /* Products */;
					ProjectRef = 161D2711217A14FC009F3190 /* Emit.xcodeproj */;
				},
				{
					ProductGroup = 161D2729217E058D009F3190 /* Products */;
					ProjectRef = 161D2728217E058D009F3190 /* SwiftProtobuf.xcodeproj */;
				},
			);
			projectRoot = "";
			targets = (
				161D26FB217A14BB009F3190 /* emit_demo */,
			);
		};
/* End PBXProject section */

/* Begin PBXReferenceProxy section */
		161D2718217A14FC009F3190 /* Emit.framework */ = {
			isa = PBXReferenceProxy;
			fileType = wrapper.framework;
			path = Emit.framework;
			remoteRef = 161D2717217A14FC009F3190 /* PBXContainerItemProxy */;
			sourceTree = BUILT_PRODUCTS_DIR;
		};
		161D271A217A14FC009F3190 /* Emit.framework */ = {
			isa = PBXReferenceProxy;
			fileType = wrapper.framework;
			path = Emit.framework;
			remoteRef = 161D2719217A14FC009F3190 /* PBXContainerItemProxy */;
			sourceTree = BUILT_PRODUCTS_DIR;
		};
		161D271C217A14FC009F3190 /* Test.xctest */ = {
			isa = PBXReferenceProxy;
			fileType = wrapper.cfbundle;
			path = Test.xctest;
			remoteRef = 161D271B217A14FC009F3190 /* PBXContainerItemProxy */;
			sourceTree = BUILT_PRODUCTS_DIR;
		};
		161D2735217E058D009F3190 /* SwiftProtobuf.framework */ = {
			isa = PBXReferenceProxy;
			fileType = wrapper.framework;
			path = SwiftProtobuf.framework;
			remoteRef = 161D2734217E058D009F3190 /* PBXContainerItemProxy */;
			sourceTree = BUILT_PRODUCTS_DIR;
		};
		161D2737217E058D009F3190 /* SwiftProtobufTests.xctest */ = {
			isa = PBXReferenceProxy;
			fileType = wrapper.cfbundle;
			path = SwiftProtobufTests.xctest;
			remoteRef = 161D2736217E058D009F3190 /* PBXContainerItemProxy */;
			sourceTree = BUILT_PRODUCTS_DIR;
		};
		161D2739217E058D009F3190 /* SwiftProtobuf.framework */ = {
			isa = PBXReferenceProxy;
			fileType = wrapper.framework;
			path = SwiftProtobuf.framework;
			remoteRef = 161D2738217E058D009F3190 /* PBXContainerItemProxy */;
			sourceTree = BUILT_PRODUCTS_DIR;
		};
		161D273B217E058D009F3190 /* SwiftProtobufTests.xctest */ = {
			isa = PBXReferenceProxy;
			fileType = wrapper.cfbundle;
			path = SwiftProtobufTests.xctest;
			remoteRef = 161D273A217E058D009F3190 /* PBXContainerItemProxy */;
			sourceTree = BUILT_PRODUCTS_DIR;
		};
		161D273D217E058D009F3190 /* SwiftProtobuf.framework */ = {
			isa = PBXReferenceProxy;
			fileType = wrapper.framework;
			path = SwiftProtobuf.framework;
			remoteRef = 161D273C217E058D009F3190 /* PBXContainerItemProxy */;
			sourceTree = BUILT_PRODUCTS_DIR;
		};
		161D273F217E058D009F3190 /* SwiftProtobufTests.xctest */ = {
			isa = PBXReferenceProxy;
			fileType = wrapper.cfbundle;
			path = SwiftProtobufTests.xctest;
			remoteRef = 161D273E217E058D009F3190 /* PBXContainerItemProxy */;
			sourceTree = BUILT_PRODUCTS_DIR;
		};
		161D2741217E058D009F3190 /* SwiftProtobuf.framework */ = {
			isa = PBXReferenceProxy;
			fileType = wrapper.framework;
			path = SwiftProtobuf.framework;
			remoteRef = 161D2740217E058D009F3190 /* PBXContainerItemProxy */;
			sourceTree = BUILT_PRODUCTS_DIR;
		};
/* End PBXReferenceProxy section */

/* Begin PBXResourcesBuildPhase section */
		161D26FA217A14BB009F3190 /* Resources */ = {
			isa = PBXResourcesBuildPhase;
			buildActionMask = 2147483647;
			files = (
				161D270A217A14BC009F3190 /* LaunchScreen.storyboard in Resources */,
				161D2707217A14BC009F3190 /* Assets.xcassets in Resources */,
				161D2705217A14BB009F3190 /* Main.storyboard in Resources */,
			);
			runOnlyForDeploymentPostprocessing = 0;
		};
/* End PBXResourcesBuildPhase section */

/* Begin PBXSourcesBuildPhase section */
		161D26F8217A14BB009F3190 /* Sources */ = {
			isa = PBXSourcesBuildPhase;
			buildActionMask = 2147483647;
			files = (
				161D2702217A14BB009F3190 /* ViewController.swift in Sources */,
				167A238D217B324200BA6EFD /* model.pb.swift in Sources */,
				161D2700217A14BB009F3190 /* AppDelegate.swift in Sources */,
			);
			runOnlyForDeploymentPostprocessing = 0;
		};
/* End PBXSourcesBuildPhase section */

/* Begin PBXTargetDependency section */
		161D2745217E059E009F3190 /* PBXTargetDependency */ = {
			isa = PBXTargetDependency;
			name = SwiftProtobuf_iOS;
			targetProxy = 161D2744217E059E009F3190 /* PBXContainerItemProxy */;
		};
		16C6AB30217D012D003F5AEE /* PBXTargetDependency */ = {
			isa = PBXTargetDependency;
			name = Emit_macOS;
			targetProxy = 16C6AB2F217D012D003F5AEE /* PBXContainerItemProxy */;
		};
/* End PBXTargetDependency section */

/* Begin PBXVariantGroup section */
		161D2703217A14BB009F3190 /* Main.storyboard */ = {
			isa = PBXVariantGroup;
			children = (
				161D2704217A14BB009F3190 /* Base */,
			);
			name = Main.storyboard;
			sourceTree = "<group>";
		};
		161D2708217A14BC009F3190 /* LaunchScreen.storyboard */ = {
			isa = PBXVariantGroup;
			children = (
				161D2709217A14BC009F3190 /* Base */,
			);
			name = LaunchScreen.storyboard;
			sourceTree = "<group>";
		};
/* End PBXVariantGroup section */

/* Begin XCBuildConfiguration section */
		161D270C217A14BC009F3190 /* Debug */ = {
			isa = XCBuildConfiguration;
			buildSettings = {
				ALWAYS_SEARCH_USER_PATHS = NO;
				CLANG_ANALYZER_NONNULL = YES;
				CLANG_ANALYZER_NUMBER_OBJECT_CONVERSION = YES_AGGRESSIVE;
				CLANG_CXX_LANGUAGE_STANDARD = "gnu++14";
				CLANG_CXX_LIBRARY = "libc++";
				CLANG_ENABLE_MODULES = YES;
				CLANG_ENABLE_OBJC_ARC = YES;
				CLANG_ENABLE_OBJC_WEAK = YES;
				CLANG_WARN_BLOCK_CAPTURE_AUTORELEASING = YES;
				CLANG_WARN_BOOL_CONVERSION = YES;
				CLANG_WARN_COMMA = YES;
				CLANG_WARN_CONSTANT_CONVERSION = YES;
				CLANG_WARN_DEPRECATED_OBJC_IMPLEMENTATIONS = YES;
				CLANG_WARN_DIRECT_OBJC_ISA_USAGE = YES_ERROR;
				CLANG_WARN_DOCUMENTATION_COMMENTS = YES;
				CLANG_WARN_EMPTY_BODY = YES;
				CLANG_WARN_ENUM_CONVERSION = YES;
				CLANG_WARN_INFINITE_RECURSION = YES;
				CLANG_WARN_INT_CONVERSION = YES;
				CLANG_WARN_NON_LITERAL_NULL_CONVERSION = YES;
				CLANG_WARN_OBJC_IMPLICIT_RETAIN_SELF = YES;
				CLANG_WARN_OBJC_LITERAL_CONVERSION = YES;
				CLANG_WARN_OBJC_ROOT_CLASS = YES_ERROR;
				CLANG_WARN_RANGE_LOOP_ANALYSIS = YES;
				CLANG_WARN_STRICT_PROTOTYPES = YES;
				CLANG_WARN_SUSPICIOUS_MOVE = YES;
				CLANG_WARN_UNGUARDED_AVAILABILITY = YES_AGGRESSIVE;
				CLANG_WARN_UNREACHABLE_CODE = YES;
				CLANG_WARN__DUPLICATE_METHOD_MATCH = YES;
				CODE_SIGN_IDENTITY = "iPhone Developer";
				COPY_PHASE_STRIP = NO;
				DEBUG_INFORMATION_FORMAT = dwarf;
				ENABLE_STRICT_OBJC_MSGSEND = YES;
				ENABLE_TESTABILITY = YES;
				GCC_C_LANGUAGE_STANDARD = gnu11;
				GCC_DYNAMIC_NO_PIC = NO;
				GCC_NO_COMMON_BLOCKS = YES;
				GCC_OPTIMIZATION_LEVEL = 0;
				GCC_PREPROCESSOR_DEFINITIONS = (
					"DEBUG=1",
					"$(inherited)",
				);
				GCC_WARN_64_TO_32_BIT_CONVERSION = YES;
				GCC_WARN_ABOUT_RETURN_TYPE = YES_ERROR;
				GCC_WARN_UNDECLARED_SELECTOR = YES;
				GCC_WARN_UNINITIALIZED_AUTOS = YES_AGGRESSIVE;
				GCC_WARN_UNUSED_FUNCTION = YES;
				GCC_WARN_UNUSED_VARIABLE = YES;
				IPHONEOS_DEPLOYMENT_TARGET = 12.0;
				MTL_ENABLE_DEBUG_INFO = INCLUDE_SOURCE;
				MTL_FAST_MATH = YES;
				ONLY_ACTIVE_ARCH = YES;
				SDKROOT = iphoneos;
				SWIFT_ACTIVE_COMPILATION_CONDITIONS = DEBUG;
				SWIFT_OPTIMIZATION_LEVEL = "-Onone";
			};
			name = Debug;
		};
		161D270D217A14BC009F3190 /* Release */ = {
			isa = XCBuildConfiguration;
			buildSettings = {
				ALWAYS_SEARCH_USER_PATHS = NO;
				CLANG_ANALYZER_NONNULL = YES;
				CLANG_ANALYZER_NUMBER_OBJECT_CONVERSION = YES_AGGRESSIVE;
				CLANG_CXX_LANGUAGE_STANDARD = "gnu++14";
				CLANG_CXX_LIBRARY = "libc++";
				CLANG_ENABLE_MODULES = YES;
				CLANG_ENABLE_OBJC_ARC = YES;
				CLANG_ENABLE_OBJC_WEAK = YES;
				CLANG_WARN_BLOCK_CAPTURE_AUTORELEASING = YES;
				CLANG_WARN_BOOL_CONVERSION = YES;
				CLANG_WARN_COMMA = YES;
				CLANG_WARN_CONSTANT_CONVERSION = YES;
				CLANG_WARN_DEPRECATED_OBJC_IMPLEMENTATIONS = YES;
				CLANG_WARN_DIRECT_OBJC_ISA_USAGE = YES_ERROR;
				CLANG_WARN_DOCUMENTATION_COMMENTS = YES;
				CLANG_WARN_EMPTY_BODY = YES;
				CLANG_WARN_ENUM_CONVERSION = YES;
				CLANG_WARN_INFINITE_RECURSION = YES;
				CLANG_WARN_INT_CONVERSION = YES;
				CLANG_WARN_NON_LITERAL_NULL_CONVERSION = YES;
				CLANG_WARN_OBJC_IMPLICIT_RETAIN_SELF = YES;
				CLANG_WARN_OBJC_LITERAL_CONVERSION = YES;
				CLANG_WARN_OBJC_ROOT_CLASS = YES_ERROR;
				CLANG_WARN_RANGE_LOOP_ANALYSIS = YES;
				CLANG_WARN_STRICT_PROTOTYPES = YES;
				CLANG_WARN_SUSPICIOUS_MOVE = YES;
				CLANG_WARN_UNGUARDED_AVAILABILITY = YES_AGGRESSIVE;
				CLANG_WARN_UNREACHABLE_CODE = YES;
				CLANG_WARN__DUPLICATE_METHOD_MATCH = YES;
				CODE_SIGN_IDENTITY = "iPhone Developer";
				COPY_PHASE_STRIP = NO;
				DEBUG_INFORMATION_FORMAT = "dwarf-with-dsym";
				ENABLE_NS_ASSERTIONS = NO;
				ENABLE_STRICT_OBJC_MSGSEND = YES;
				GCC_C_LANGUAGE_STANDARD = gnu11;
				GCC_NO_COMMON_BLOCKS = YES;
				GCC_WARN_64_TO_32_BIT_CONVERSION = YES;
				GCC_WARN_ABOUT_RETURN_TYPE = YES_ERROR;
				GCC_WARN_UNDECLARED_SELECTOR = YES;
				GCC_WARN_UNINITIALIZED_AUTOS = YES_AGGRESSIVE;
				GCC_WARN_UNUSED_FUNCTION = YES;
				GCC_WARN_UNUSED_VARIABLE = YES;
				IPHONEOS_DEPLOYMENT_TARGET = 12.0;
				MTL_ENABLE_DEBUG_INFO = NO;
				MTL_FAST_MATH = YES;
				SDKROOT = iphoneos;
				SWIFT_COMPILATION_MODE = wholemodule;
				SWIFT_OPTIMIZATION_LEVEL = "-O";
				VALIDATE_PRODUCT = YES;
			};
			name = Release;
		};
		161D270F217A14BC009F3190 /* Debug */ = {
			isa = XCBuildConfiguration;
			buildSettings = {
				ALWAYS_EMBED_SWIFT_STANDARD_LIBRARIES = YES;
				ASSETCATALOG_COMPILER_APPICON_NAME = AppIcon;
				CODE_SIGN_STYLE = Automatic;
				FRAMEWORK_SEARCH_PATHS = (
					"$(inherited)",
					"$(PROJECT_DIR)/frameworks/iOS",
				);
				INFOPLIST_FILE = emit_demo/Info.plist;
				LD_RUNPATH_SEARCH_PATHS = (
					"$(inherited)",
					"@executable_path/Frameworks",
				);
				PRODUCT_BUNDLE_IDENTIFIER = "io.alexdrone.emit-demo.emit-demo";
				PRODUCT_NAME = "$(TARGET_NAME)";
				SWIFT_VERSION = 4.2;
				TARGETED_DEVICE_FAMILY = "1,2";
			};
			name = Debug;
		};
		161D2710217A14BC009F3190 /* Release */ = {
			isa = XCBuildConfiguration;
			buildSettings = {
				ALWAYS_EMBED_SWIFT_STANDARD_LIBRARIES = YES;
				ASSETCATALOG_COMPILER_APPICON_NAME = AppIcon;
				CODE_SIGN_STYLE = Automatic;
				FRAMEWORK_SEARCH_PATHS = (
					"$(inherited)",
					"$(PROJECT_DIR)/frameworks/iOS",
				);
				INFOPLIST_FILE = emit_demo/Info.plist;
				LD_RUNPATH_SEARCH_PATHS = (
					"$(inherited)",
					"@executable_path/Frameworks",
				);
				PRODUCT_BUNDLE_IDENTIFIER = "io.alexdrone.emit-demo.emit-demo";
				PRODUCT_NAME = "$(TARGET_NAME)";
				SWIFT_VERSION = 4.2;
				TARGETED_DEVICE_FAMILY = "1,2";
			};
			name = Release;
		};
/* End XCBuildConfiguration section */

/* Begin XCConfigurationList section */
		161D26F7217A14BB009F3190 /* Build configuration list for PBXProject "emit_demo" */ = {
			isa = XCConfigurationList;
			buildConfigurations = (
				161D270C217A14BC009F3190 /* Debug */,
				161D270D217A14BC009F3190 /* Release */,
			);
			defaultConfigurationIsVisible = 0;
			defaultConfigurationName = Release;
		};
		161D270E217A14BC009F3190 /* Build configuration list for PBXNativeTarget "emit_demo" */ = {
			isa = XCConfigurationList;
			buildConfigurations = (
				161D270F217A14BC009F3190 /* Debug */,
				161D2710217A14BC009F3190 /* Release */,
			);
			defaultConfigurationIsVisible = 0;
			defaultConfigurationName = Release;
		};
/* End XCConfigurationList section */
	};
	rootObject = 161D26F4217A14BB009F3190 /* Project object */;
}
